
Microsoft Visual Studio Solution File, Format Version 12.00
# Visual Studio Version 17
VisualStudioVersion = 17.14.36811.4 d17.14
MinimumVisualStudioVersion = 10.0.40219.1
Project("{8BC9CEB8-8B4A-11D0-8D11-00A0C91BC942}") = "L20251224_ChatClient", "L20251224_ChatClient.vcxproj", "{0548C875-55F4-49C0-8959-C459484904A3}"
EndProject
Global
	GlobalSection(SolutionConfigurationPlatforms) = preSolution
		Debug|x64 = Debug|x64
		Debug|x86 = Debug|x86
		Release|x64 = Release|x64
		Release|x86 = Release|x86
	EndGlobalSection
	GlobalSection(ProjectConfigurationPlatforms) = postSolution
		{0548C875-55F4-49C0-8959-C459484904A3}.Debug|x64.ActiveCfg = Debug|x64
		{0548C875-55F4-49C0-8959-C459484904A3}.Debug|x64.Build.0 = Debug|x64
		{0548C875-55F4-49C0-8959-C459484904A3}.Debug|x86.ActiveCfg = Debug|Win32
		{0548C875-55F4-49C0-8959-C459484904A3}.Debug|x86.Build.0 = Debug|Win32
		{0548C875-55F4-49C0-8959-C459484904A3}.Release|x64.ActiveCfg = Release|x64
		{0548C875-55F4-49C0-8959-C459484904A3}.Release|x64.Build.0 = Release|x64
		{0548C875-55F4-49C0-8959-C459484904A3}.Release|x86.ActiveCfg = Release|Win32
		{0548C875-55F4-49C0-8959-C459484904A3}.Release|x86.Build.0 = Release|Win32
	EndGlobalSection
	GlobalSection(SolutionProperties) = preSolution
		HideSolutionNode = FALSE
	EndGlobalSection
	GlobalSection(ExtensibilityGlobals) = postSolution
		SolutionGuid = {E60F9324-D00D-456E-899A-C77801DC4BEF}
	EndGlobalSection
EndGlobal
